
Microsoft Visual Studio Solution File, Format Version 12.00
# Visual Studio Version 17
VisualStudioVersion = 17.7.34031.279
MinimumVisualStudioVersion = 10.0.40219.1
Project("{FAE04EC0-301F-11D3-BF4B-00C04F79EFBC}") = "ChatApp _SignalR", "ChatApp _SignalR\ChatApp _SignalR.csproj", "{F46B2F12-9953-4738-B705-645CEA75E235}"
EndProject
Global
	GlobalSection(SolutionConfigurationPlatforms) = preSolution
		Debug|Any CPU = Debug|Any CPU
		Release|Any CPU = Release|Any CPU
	EndGlobalSection
	GlobalSection(ProjectConfigurationPlatforms) = postSolution
		{F46B2F12-9953-4738-B705-645CEA75E235}.Debug|Any CPU.ActiveCfg = Debug|Any CPU
		{F46B2F12-9953-4738-B705-645CEA75E235}.Debug|Any CPU.Build.0 = Debug|Any CPU
		{F46B2F12-9953-4738-B705-645CEA75E235}.Release|Any CPU.ActiveCfg = Release|Any CPU
		{F46B2F12-9953-4738-B705-645CEA75E235}.Release|Any CPU.Build.0 = Release|Any CPU
	EndGlobalSection
	GlobalSection(SolutionProperties) = preSolution
		HideSolutionNode = FALSE
	EndGlobalSection
	GlobalSection(ExtensibilityGlobals) = postSolution
		SolutionGuid = {2BDE7111-AABF-4774-B9F6-DEC7B5984863}
	EndGlobalSection
EndGlobal
